{
  "name": "@calcom/dbee_data",
  "version": "0.0.0",
  "lockfileVersion": 1,
  "requires": true,
  "dependencies": {
    "helmet": {
      "version": "5.1.1",
      "resolved": "https://registry.npmjs.org/helmet/-/helmet-5.1.1.tgz",
      "integrity": "sha512-/yX0oVZBggA9cLJh8aw3PPCfedBnbd7J2aowjzsaWwZh7/UFY0nccn/aHAggIgWUFfnykX8GKd3a1pSbrmlcVQ==",
      "dev": true
    }
  }
}
